// !$*UTF8*$!
{
	archiveVersion = 1;
	classes = {
	};
	objectVersion = 46;
	objects = {

/* Begin PBXBuildFile section */
		F28F26C31B91D63A000EAB48 /* main.m in Sources */ = {isa = PBXBuildFile; fileRef = F28F26C21B91D63A000EAB48 /* main.m */; };
		F28F26C61B91D63A000EAB48 /* AppDelegate.m in Sources */ = {isa = PBXBuildFile; fileRef = F28F26C51B91D63A000EAB48 /* AppDelegate.m */; };
		F28F26C91B91D63A000EAB48 /* HXPieChart.xcdatamodeld in Sources */ = {isa = PBXBuildFile; fileRef = F28F26C71B91D63A000EAB48 /* HXPieChart.xcdatamodeld */; };
		F28F26CC1B91D63A000EAB48 /* ViewController.m in Sources */ = {isa = PBXBuildFile; fileRef = F28F26CB1B91D63A000EAB48 /* ViewController.m */; };
		F28F26CF1B91D63A000EAB48 /* Main.storyboard in Resources */ = {isa = PBXBuildFile; fileRef = F28F26CD1B91D63A000EAB48 /* Main.storyboard */; };
		F28F26D11B91D63A000EAB48 /* Images.xcassets in Resources */ = {isa = PBXBuildFile; fileRef = F28F26D01B91D63A000EAB48 /* Images.xcassets */; };
		F28F26D41B91D63A000EAB48 /* LaunchScreen.xib in Resources */ = {isa = PBXBuildFile; fileRef = F28F26D21B91D63A000EAB48 /* LaunchScreen.xib */; };
		F28F26E01B91D63A000EAB48 /* HXPieChartTests.m in Sources */ = {isa = PBXBuildFile; fileRef = F28F26DF1B91D63A000EAB48 /* HXPieChartTests.m */; };
		F28F26EB1B91D665000EAB48 /* HXPieChartView.m in Sources */ = {isa = PBXBuildFile; fileRef = F28F26EA1B91D665000EAB48 /* HXPieChartView.m */; };
		F28F26EE1B91D85F000EAB48 /* UIView+CoordinateRelationship.m in Sources */ = {isa = PBXBuildFile; fileRef = F28F26ED1B91D85F000EAB48 /* UIView+CoordinateRelationship.m */; };
/* End PBXBuildFile section */

/* Begin PBXContainerItemProxy section */
		F28F26DA1B91D63A000EAB48 /* PBXContainerItemProxy */ = {
			isa = PBXContainerItemProxy;
			containerPortal = F28F26B51B91D63A000EAB48 /* Project object */;
			proxyType = 1;
			remoteGlobalIDString = F28F26BC1B91D63A000EAB48;
			remoteInfo = HXPieChart;
		};
/* End PBXContainerItemProxy section */

/* Begin PBXFileReference section */
		F28F26BD1B91D63A000EAB48 /* HXPieChart.app */ = {isa = PBXFileReference; explicitFileType = wrapper.application; includeInIndex = 0; path = HXPieChart.app; sourceTree = BUILT_PRODUCTS_DIR; };
		F28F26C11B91D63A000EAB48 /* Info.plist */ = {isa = PBXFileReference; lastKnownFileType = text.plist.xml; path = Info.plist; sourceTree = "<group>"; };
		F28F26C21B91D63A000EAB48 /* main.m */ = {isa = PBXFileReference; lastKnownFileType = sourcecode.c.objc; path = main.m; sourceTree = "<group>"; };
		F28F26C41B91D63A000EAB48 /* AppDelegate.h */ = {isa = PBXFileReference; lastKnownFileType = sourcecode.c.h; path = AppDelegate.h; sourceTree = "<group>"; };
		F28F26C51B91D63A000EAB48 /* AppDelegate.m */ = {isa = PBXFileReference; lastKnownFileType = sourcecode.c.objc; path = AppDelegate.m; sourceTree = "<group>"; };
		F28F26C81B91D63A000EAB48 /* HXPieChart.xcdatamodel */ = {isa = PBXFileReference; lastKnownFileType = wrapper.xcdatamodel; path = HXPieChart.xcdatamodel; sourceTree = "<group>"; };
		F28F26CA1B91D63A000EAB48 /* ViewController.h */ = {isa = PBXFileReference; lastKnownFileType = sourcecode.c.h; path = ViewController.h; sourceTree = "<group>"; };
		F28F26CB1B91D63A000EAB48 /* ViewController.m */ = {isa = PBXFileReference; lastKnownFileType = sourcecode.c.objc; path = ViewController.m; sourceTree = "<group>"; };
		F28F26CE1B91D63A000EAB48 /* Base */ = {isa = PBXFileReference; lastKnownFileType = file.storyboard; name = Base; path = Base.lproj/Main.storyboard; sourceTree = "<group>"; };
		F28F26D01B91D63A000EAB48 /* Images.xcassets */ = {isa = PBXFileReference; lastKnownFileType = folder.assetcatalog; path = Images.xcassets; sourceTree = "<group>"; };
		F28F26D31B91D63A000EAB48 /* Base */ = {isa = PBXFileReference; lastKnownFileType = file.xib; name = Base; path = Base.lproj/LaunchScreen.xib; sourceTree = "<group>"; };
		F28F26D91B91D63A000EAB48 /* HXPieChartTests.xctest */ = {isa = PBXFileReference; explicitFileType = wrapper.cfbundle; includeInIndex = 0; path = HXPieChartTests.xctest; sourceTree = BUILT_PRODUCTS_DIR; };
		F28F26DE1B91D63A000EAB48 /* Info.plist */ = {isa = PBXFileReference; lastKnownFileType = text.plist.xml; path = Info.plist; sourceTree = "<group>"; };
		F28F26DF1B91D63A000EAB48 /* HXPieChartTests.m */ = {isa = PBXFileReference; lastKnownFileType = sourcecode.c.objc; path = HXPieChartTests.m; sourceTree = "<group>"; };
		F28F26E91B91D665000EAB48 /* HXPieChartView.h */ = {isa = PBXFileReference; fileEncoding = 4; lastKnownFileType = sourcecode.c.h; path = HXPieChartView.h; sourceTree = "<group>"; };
		F28F26EA1B91D665000EAB48 /* HXPieChartView.m */ = {isa = PBXFileReference; fileEncoding = 4; lastKnownFileType = sourcecode.c.objc; path = HXPieChartView.m; sourceTree = "<group>"; };
		F28F26EC1B91D85F000EAB48 /* UIView+CoordinateRelationship.h */ = {isa = PBXFileReference; fileEncoding = 4; lastKnownFileType = sourcecode.c.h; path = "UIView+CoordinateRelationship.h"; sourceTree = "<group>"; };
		F28F26ED1B91D85F000EAB48 /* UIView+CoordinateRelationship.m */ = {isa = PBXFileReference; fileEncoding = 4; lastKnownFileType = sourcecode.c.objc; path = "UIView+CoordinateRelationship.m"; sourceTree = "<group>"; };
/* End PBXFileReference section */

/* Begin PBXFrameworksBuildPhase section */
		F28F26BA1B91D63A000EAB48 /* Frameworks */ = {
			isa = PBXFrameworksBuildPhase;
			buildActionMask = 2147483647;
			files = (
			);
			runOnlyForDeploymentPostprocessing = 0;
		};
		F28F26D61B91D63A000EAB48 /* Frameworks */ = {
			isa = PBXFrameworksBuildPhase;
			buildActionMask = 2147483647;
			files = (
			);
			runOnlyForDeploymentPostprocessing = 0;
		};
/* End PBXFrameworksBuildPhase section */

/* Begin PBXGroup section */
		F28F26B41B91D63A000EAB48 = {
			isa = PBXGroup;
			children = (
				F28F26BF1B91D63A000EAB48 /* HXPieChart */,
				F28F26DC1B91D63A000EAB48 /* HXPieChartTests */,
				F28F26BE1B91D63A000EAB48 /* Products */,
			);
			sourceTree = "<group>";
		};
		F28F26BE1B91D63A000EAB48 /* Products */ = {
			isa = PBXGroup;
			children = (
				F28F26BD1B91D63A000EAB48 /* HXPieChart.app */,
				F28F26D91B91D63A000EAB48 /* HXPieChartTests.xctest */,
			);
			name = Products;
			sourceTree = "<group>";
		};
		F28F26BF1B91D63A000EAB48 /* HXPieChart */ = {
			isa = PBXGroup;
			children = (
				F28F26C41B91D63A000EAB48 /* AppDelegate.h */,
				F28F26C51B91D63A000EAB48 /* AppDelegate.m */,
				F28F26CA1B91D63A000EAB48 /* ViewController.h */,
				F28F26CB1B91D63A000EAB48 /* ViewController.m */,
				F28F26E91B91D665000EAB48 /* HXPieChartView.h */,
				F28F26EA1B91D665000EAB48 /* HXPieChartView.m */,
				F28F26EC1B91D85F000EAB48 /* UIView+CoordinateRelationship.h */,
				F28F26ED1B91D85F000EAB48 /* UIView+CoordinateRelationship.m */,
				F28F26CD1B91D63A000EAB48 /* Main.storyboard */,
				F28F26D01B91D63A000EAB48 /* Images.xcassets */,
				F28F26D21B91D63A000EAB48 /* LaunchScreen.xib */,
				F28F26C71B91D63A000EAB48 /* HXPieChart.xcdatamodeld */,
				F28F26C01B91D63A000EAB48 /* Supporting Files */,
			);
			path = HXPieChart;
			sourceTree = "<group>";
		};
		F28F26C01B91D63A000EAB48 /* Supporting Files */ = {
			isa = PBXGroup;
			children = (
				F28F26C11B91D63A000EAB48 /* Info.plist */,
				F28F26C21B91D63A000EAB48 /* main.m */,
			);
			name = "Supporting Files";
			sourceTree = "<group>";
		};
		F28F26DC1B91D63A000EAB48 /* HXPieChartTests */ = {
			isa = PBXGroup;
			children = (
				F28F26DF1B91D63A000EAB48 /* HXPieChartTests.m */,
				F28F26DD1B91D63A000EAB48 /* Supporting Files */,
			);
			path = HXPieChartTests;
			sourceTree = "<group>";
		};
		F28F26DD1B91D63A000EAB48 /* Supporting Files */ = {
			isa = PBXGroup;
			children = (
				F28F26DE1B91D63A000EAB48 /* Info.plist */,
			);
			name = "Supporting Files";
			sourceTree = "<group>";
		};
/* End PBXGroup section */

/* Begin PBXNativeTarget section */
		F28F26BC1B91D63A000EAB48 /* HXPieChart */ = {
			isa = PBXNativeTarget;
			buildConfigurationList = F28F26E31B91D63A000EAB48 /* Build configuration list for PBXNativeTarget "HXPieChart" */;
			buildPhases = (
				F28F26B91B91D63A000EAB48 /* Sources */,
				F28F26BA1B91D63A000EAB48 /* Frameworks */,
				F28F26BB1B91D63A000EAB48 /* Resources */,
			);
			buildRules = (
			);
			dependencies = (
			);
			name = HXPieChart;
			productName = HXPieChart;
			productReference = F28F26BD1B91D63A000EAB48 /* HXPieChart.app */;
			productType = "com.apple.product-type.application";
		};
		F28F26D81B91D63A000EAB48 /* HXPieChartTests */ = {
			isa = PBXNativeTarget;
			buildConfigurationList = F28F26E61B91D63A000EAB48 /* Build configuration list for PBXNativeTarget "HXPieChartTests" */;
			buildPhases = (
				F28F26D51B91D63A000EAB48 /* Sources */,
				F28F26D61B91D63A000EAB48 /* Frameworks */,
				F28F26D71B91D63A000EAB48 /* Resources */,
			);
			buildRules = (
			);
			dependencies = (
				F28F26DB1B91D63A000EAB48 /* PBXTargetDependency */,
			);
			name = HXPieChartTests;
			productName = HXPieChartTests;
			productReference = F28F26D91B91D63A000EAB48 /* HXPieChartTests.xctest */;
			productType = "com.apple.product-type.bundle.unit-test";
		};
/* End PBXNativeTarget section */

/* Begin PBXProject section */
		F28F26B51B91D63A000EAB48 /* Project object */ = {
			isa = PBXProject;
			attributes = {
				LastUpgradeCheck = 0640;
				ORGANIZATIONNAME = huangxiong;
				TargetAttributes = {
					F28F26BC1B91D63A000EAB48 = {
						CreatedOnToolsVersion = 6.4;
					};
					F28F26D81B91D63A000EAB48 = {
						CreatedOnToolsVersion = 6.4;
						TestTargetID = F28F26BC1B91D63A000EAB48;
					};
				};
			};
			buildConfigurationList = F28F26B81B91D63A000EAB48 /* Build configuration list for PBXProject "HXPieChart" */;
			compatibilityVersion = "Xcode 3.2";
			developmentRegion = English;
			hasScannedForEncodings = 0;
			knownRegions = (
				en,
				Base,
			);
			mainGroup = F28F26B41B91D63A000EAB48;
			productRefGroup = F28F26BE1B91D63A000EAB48 /* Products */;
			projectDirPath = "";
			projectRoot = "";
			targets = (
				F28F26BC1B91D63A000EAB48 /* HXPieChart */,
				F28F26D81B91D63A000EAB48 /* HXPieChartTests */,
			);
		};
/* End PBXProject section */

/* Begin PBXResourcesBuildPhase section */
		F28F26BB1B91D63A000EAB48 /* Resources */ = {
			isa = PBXResourcesBuildPhase;
			buildActionMask = 2147483647;
			files = (
				F28F26CF1B91D63A000EAB48 /* Main.storyboard in Resources */,
				F28F26D41B91D63A000EAB48 /* LaunchScreen.xib in Resources */,
				F28F26D11B91D63A000EAB48 /* Images.xcassets in Resources */,
			);
			runOnlyForDeploymentPostprocessing = 0;
		};
		F28F26D71B91D63A000EAB48 /* Resources */ = {
			isa = PBXResourcesBuildPhase;
			buildActionMask = 2147483647;
			files = (
			);
			runOnlyForDeploymentPostprocessing = 0;
		};
/* End PBXResourcesBuildPhase section */

/* Begin PBXSourcesBuildPhase section */
		F28F26B91B91D63A000EAB48 /* Sources */ = {
			isa = PBXSourcesBuildPhase;
			buildActionMask = 2147483647;
			files = (
				F28F26EE1B91D85F000EAB48 /* UIView+CoordinateRelationship.m in Sources */,
				F28F26C61B91D63A000EAB48 /* AppDelegate.m in Sources */,
				F28F26C91B91D63A000EAB48 /* HXPieChart.xcdatamodeld in Sources */,
				F28F26CC1B91D63A000EAB48 /* ViewController.m in Sources */,
				F28F26EB1B91D665000EAB48 /* HXPieChartView.m in Sources */,
				F28F26C31B91D63A000EAB48 /* main.m in Sources */,
			);
			runOnlyForDeploymentPostprocessing = 0;
		};
		F28F26D51B91D63A000EAB48 /* Sources */ = {
			isa = PBXSourcesBuildPhase;
			buildActionMask = 2147483647;
			files = (
				F28F26E01B91D63A000EAB48 /* HXPieChartTests.m in Sources */,
			);
			runOnlyForDeploymentPostprocessing = 0;
		};
/* End PBXSourcesBuildPhase section */

/* Begin PBXTargetDependency section */
		F28F26DB1B91D63A000EAB48 /* PBXTargetDependency */ = {
			isa = PBXTargetDependency;
			target = F28F26BC1B91D63A000EAB48 /* HXPieChart */;
			targetProxy = F28F26DA1B91D63A000EAB48 /* PBXContainerItemProxy */;
		};
/* End PBXTargetDependency section */

/* Begin PBXVariantGroup section */
		F28F26CD1B91D63A000EAB48 /* Main.storyboard */ = {
			isa = PBXVariantGroup;
			children = (
				F28F26CE1B91D63A000EAB48 /* Base */,
			);
			name = Main.storyboard;
			sourceTree = "<group>";
		};
		F28F26D21B91D63A000EAB48 /* LaunchScreen.xib */ = {
			isa = PBXVariantGroup;
			children = (
				F28F26D31B91D63A000EAB48 /* Base */,
			);
			name = LaunchScreen.xib;
			sourceTree = "<group>";
		};
/* End PBXVariantGroup section */

/* Begin XCBuildConfiguration section */
		F28F26E11B91D63A000EAB48 /* Debug */ = {
			isa = XCBuildConfiguration;
			buildSettings = {
				ALWAYS_SEARCH_USER_PATHS = NO;
				CLANG_CXX_LANGUAGE_STANDARD = "gnu++0x";
				CLANG_CXX_LIBRARY = "libc++";
				CLANG_ENABLE_MODULES = YES;
				CLANG_ENABLE_OBJC_ARC = YES;
				CLANG_WARN_BOOL_CONVERSION = YES;
				CLANG_WARN_CONSTANT_CONVERSION = YES;
				CLANG_WARN_DIRECT_OBJC_ISA_USAGE = YES_ERROR;
				CLANG_WARN_EMPTY_BODY = YES;
				CLANG_WARN_ENUM_CONVERSION = YES;
				CLANG_WARN_INT_CONVERSION = YES;
				CLANG_WARN_OBJC_ROOT_CLASS = YES_ERROR;
				CLANG_WARN_UNREACHABLE_CODE = YES;
				CLANG_WARN__DUPLICATE_METHOD_MATCH = YES;
				"CODE_SIGN_IDENTITY[sdk=iphoneos*]" = "iPhone Developer";
				COPY_PHASE_STRIP = NO;
				DEBUG_INFORMATION_FORMAT = "dwarf-with-dsym";
				ENABLE_STRICT_OBJC_MSGSEND = NO;
				GCC_C_LANGUAGE_STANDARD = gnu99;
				GCC_DYNAMIC_NO_PIC = NO;
				GCC_NO_COMMON_BLOCKS = YES;
				GCC_OPTIMIZATION_LEVEL = 0;
				GCC_PREPROCESSOR_DEFINITIONS = (
					"DEBUG=1",
					"$(inherited)",
				);
				GCC_SYMBOLS_PRIVATE_EXTERN = NO;
				GCC_WARN_64_TO_32_BIT_CONVERSION = YES;
				GCC_WARN_ABOUT_RETURN_TYPE = YES_ERROR;
				GCC_WARN_UNDECLARED_SELECTOR = YES;
				GCC_WARN_UNINITIALIZED_AUTOS = YES_AGGRESSIVE;
				GCC_WARN_UNUSED_FUNCTION = YES;
				GCC_WARN_UNUSED_VARIABLE = YES;
				IPHONEOS_DEPLOYMENT_TARGET = 8.4;
				MTL_ENABLE_DEBUG_INFO = YES;
				ONLY_ACTIVE_ARCH = YES;
				SDKROOT = iphoneos;
				TARGETED_DEVICE_FAMILY = "1,2";
			};
			name = Debug;
		};
		F28F26E21B91D63A000EAB48 /* Release */ = {
			isa = XCBuildConfiguration;
			buildSettings = {
				ALWAYS_SEARCH_USER_PATHS = NO;
				CLANG_CXX_LANGUAGE_STANDARD = "gnu++0x";
				CLANG_CXX_LIBRARY = "libc++";
				CLANG_ENABLE_MODULES = YES;
				CLANG_ENABLE_OBJC_ARC = YES;
				CLANG_WARN_BOOL_CONVERSION = YES;
				CLANG_WARN_CONSTANT_CONVERSION = YES;
				CLANG_WARN_DIRECT_OBJC_ISA_USAGE = YES_ERROR;
				CLANG_WARN_EMPTY_BODY = YES;
				CLANG_WARN_ENUM_CONVERSION = YES;
				CLANG_WARN_INT_CONVERSION = YES;
				CLANG_WARN_OBJC_ROOT_CLASS = YES_ERROR;
				CLANG_WARN_UNREACHABLE_CODE = YES;
				CLANG_WARN__DUPLICATE_METHOD_MATCH = YES;
				"CODE_SIGN_IDENTITY[sdk=iphoneos*]" = "iPhone Developer";
				COPY_PHASE_STRIP = NO;
				DEBUG_INFORMATION_FORMAT = "dwarf-with-dsym";
				ENABLE_NS_ASSERTIONS = NO;
				ENABLE_STRICT_OBJC_MSGSEND = NO;
				GCC_C_LANGUAGE_STANDARD = gnu99;
				GCC_NO_COMMON_BLOCKS = YES;
				GCC_WARN_64_TO_32_BIT_CONVERSION = YES;
				GCC_WARN_ABOUT_RETURN_TYPE = YES_ERROR;
				GCC_WARN_UNDECLARED_SELECTOR = YES;
				GCC_WARN_UNINITIALIZED_AUTOS = YES_AGGRESSIVE;
				GCC_WARN_UNUSED_FUNCTION = YES;
				GCC_WARN_UNUSED_VARIABLE = YES;
				IPHONEOS_DEPLOYMENT_TARGET = 8.4;
				MTL_ENABLE_DEBUG_INFO = NO;
				SDKROOT = iphoneos;
				TARGETED_DEVICE_FAMILY = "1,2";
				VALIDATE_PRODUCT = YES;
			};
			name = Release;
		};
		F28F26E41B91D63A000EAB48 /* Debug */ = {
			isa = XCBuildConfiguration;
			buildSettings = {
				ASSETCATALOG_COMPILER_APPICON_NAME = AppIcon;
				INFOPLIST_FILE = HXPieChart/Info.plist;
				LD_RUNPATH_SEARCH_PATHS = "$(inherited) @executable_path/Frameworks";
				PRODUCT_NAME = "$(TARGET_NAME)";
			};
			name = Debug;
		};
		F28F26E51B91D63A000EAB48 /* Release */ = {
			isa = XCBuildConfiguration;
			buildSettings = {
				ASSETCATALOG_COMPILER_APPICON_NAME = AppIcon;
				INFOPLIST_FILE = HXPieChart/Info.plist;
				LD_RUNPATH_SEARCH_PATHS = "$(inherited) @executable_path/Frameworks";
				PRODUCT_NAME = "$(TARGET_NAME)";
			};
			name = Release;
		};
		F28F26E71B91D63A000EAB48 /* Debug */ = {
			isa = XCBuildConfiguration;
			buildSettings = {
				BUNDLE_LOADER = "$(TEST_HOST)";
				FRAMEWORK_SEARCH_PATHS = (
					"$(SDKROOT)/Developer/Library/Frameworks",
					"$(inherited)",
				);
				GCC_PREPROCESSOR_DEFINITIONS = (
					"DEBUG=1",
					"$(inherited)",
				);
				INFOPLIST_FILE = HXPieChartTests/Info.plist;
				LD_RUNPATH_SEARCH_PATHS = "$(inherited) @executable_path/Frameworks @loader_path/Frameworks";
				PRODUCT_NAME = "$(TARGET_NAME)";
				TEST_HOST = "$(BUILT_PRODUCTS_DIR)/HXPieChart.app/HXPieChart";
			};
			name = Debug;
		};
		F28F26E81B91D63A000EAB48 /* Release */ = {
			isa = XCBuildConfiguration;
			buildSettings = {
				BUNDLE_LOADER = "$(TEST_HOST)";
				FRAMEWORK_SEARCH_PATHS = (
					"$(SDKROOT)/Developer/Library/Frameworks",
					"$(inherited)",
				);
				INFOPLIST_FILE = HXPieChartTests/Info.plist;
				LD_RUNPATH_SEARCH_PATHS = "$(inherited) @executable_path/Frameworks @loader_path/Frameworks";
				PRODUCT_NAME = "$(TARGET_NAME)";
				TEST_HOST = "$(BUILT_PRODUCTS_DIR)/HXPieChart.app/HXPieChart";
			};
			name = Release;
		};
/* End XCBuildConfiguration section */

/* Begin XCConfigurationList section */
		F28F26B81B91D63A000EAB48 /* Build configuration list for PBXProject "HXPieChart" */ = {
			isa = XCConfigurationList;
			buildConfigurations = (
				F28F26E11B91D63A000EAB48 /* Debug */,
				F28F26E21B91D63A000EAB48 /* Release */,
			);
			defaultConfigurationIsVisible = 0;
			defaultConfigurationName = Release;
		};
		F28F26E31B91D63A000EAB48 /* Build configuration list for PBXNativeTarget "HXPieChart" */ = {
			isa = XCConfigurationList;
			buildConfigurations = (
				F28F26E41B91D63A000EAB48 /* Debug */,
				F28F26E51B91D63A000EAB48 /* Release */,
			);
			defaultConfigurationIsVisible = 0;
			defaultConfigurationName = Release;
		};
		F28F26E61B91D63A000EAB48 /* Build configuration list for PBXNativeTarget "HXPieChartTests" */ = {
			isa = XCConfigurationList;
			buildConfigurations = (
				F28F26E71B91D63A000EAB48 /* Debug */,
				F28F26E81B91D63A000EAB48 /* Release */,
			);
			defaultConfigurationIsVisible = 0;
			defaultConfigurationName = Release;
		};
/* End XCConfigurationList section */

/* Begin XCVersionGroup section */
		F28F26C71B91D63A000EAB48 /* HXPieChart.xcdatamodeld */ = {
			isa = XCVersionGroup;
			children = (
				F28F26C81B91D63A000EAB48 /* HXPieChart.xcdatamodel */,
			);
			currentVersion = F28F26C81B91D63A000EAB48 /* HXPieChart.xcdatamodel */;
			path = HXPieChart.xcdatamodeld;
			sourceTree = "<group>";
			versionGroupType = wrapper.xcdatamodel;
		};
/* End XCVersionGroup section */
	};
	rootObject = F28F26B51B91D63A000EAB48 /* Project object */;
}
